
Microsoft Visual Studio Solution File, Format Version 12.00
# Visual Studio 15
VisualStudioVersion = 15.0.27130.2010
MinimumVisualStudioVersion = 10.0.40219.1
Project("{2150E333-8FDC-42A3-9474-1A3956D46DE8}") = "Solution Items", "Solution Items", "{E66F6B24-6D07-41C4-A7C1-FD394D3A3136}"
	ProjectSection(SolutionItems) = preProject
		README.md = README.md
	EndProjectSection
EndProject
Project("{E24C65DC-7377-472B-9ABA-BC803B73C61A}") = "Reuters TV", "Reuters TV\", "{77A7CBE1-4E64-4830-92AB-C21C37904E60}"
	ProjectSection(WebsiteProperties) = preProject
		TargetFrameworkMoniker = ".NETFramework,Version%3Dv4.6.1"
		Debug.AspNetCompiler.VirtualPath = "/localhost_17095"
		Debug.AspNetCompiler.PhysicalPath = "Reuters TV\"
		Debug.AspNetCompiler.TargetPath = "PrecompiledWeb\localhost_17095\"
		Debug.AspNetCompiler.Updateable = "true"
		Debug.AspNetCompiler.ForceOverwrite = "true"
		Debug.AspNetCompiler.FixedNames = "false"
		Debug.AspNetCompiler.Debug = "True"
		Release.AspNetCompiler.VirtualPath = "/localhost_17095"
		Release.AspNetCompiler.PhysicalPath = "Reuters TV\"
		Release.AspNetCompiler.TargetPath = "PrecompiledWeb\localhost_17095\"
		Release.AspNetCompiler.Updateable = "true"
		Release.AspNetCompiler.ForceOverwrite = "true"
		Release.AspNetCompiler.FixedNames = "false"
		Release.AspNetCompiler.Debug = "False"
		VWDPort = "17095"
		SlnRelativePath = "Reuters TV\"
		DefaultWebSiteLanguage = "Visual C#"
	EndProjectSection
EndProject
Project("{E24C65DC-7377-472B-9ABA-BC803B73C61A}") = "Display", "Display\", "{2FBAAFF8-6F40-4C68-BFC4-11F2C7ABC382}"
	ProjectSection(WebsiteProperties) = preProject
		TargetFrameworkMoniker = ".NETFramework,Version%3Dv4.6.1"
		Debug.AspNetCompiler.VirtualPath = "/localhost_17670"
		Debug.AspNetCompiler.PhysicalPath = "Display\"
		Debug.AspNetCompiler.TargetPath = "PrecompiledWeb\localhost_17670\"
		Debug.AspNetCompiler.Updateable = "true"
		Debug.AspNetCompiler.ForceOverwrite = "true"
		Debug.AspNetCompiler.FixedNames = "false"
		Debug.AspNetCompiler.Debug = "True"
		Release.AspNetCompiler.VirtualPath = "/localhost_17670"
		Release.AspNetCompiler.PhysicalPath = "Display\"
		Release.AspNetCompiler.TargetPath = "PrecompiledWeb\localhost_17670\"
		Release.AspNetCompiler.Updateable = "true"
		Release.AspNetCompiler.ForceOverwrite = "true"
		Release.AspNetCompiler.FixedNames = "false"
		Release.AspNetCompiler.Debug = "False"
		VWDPort = "17670"
		SlnRelativePath = "Display\"
		DefaultWebSiteLanguage = "Visual C#"
	EndProjectSection
EndProject
Project("{E24C65DC-7377-472B-9ABA-BC803B73C61A}") = "Queue Coming Soon", "Queue Coming Soon\", "{17324B83-DDCD-4834-9EF6-47DB8E9C26B6}"
	ProjectSection(WebsiteProperties) = preProject
		TargetFrameworkMoniker = ".NETFramework,Version%3Dv4.6.1"
		Debug.AspNetCompiler.VirtualPath = "/localhost_24858"
		Debug.AspNetCompiler.PhysicalPath = "Queue Coming Soon\"
		Debug.AspNetCompiler.TargetPath = "PrecompiledWeb\localhost_24858\"
		Debug.AspNetCompiler.Updateable = "true"
		Debug.AspNetCompiler.ForceOverwrite = "true"
		Debug.AspNetCompiler.FixedNames = "false"
		Debug.AspNetCompiler.Debug = "True"
		Release.AspNetCompiler.VirtualPath = "/localhost_24858"
		Release.AspNetCompiler.PhysicalPath = "Queue Coming Soon\"
		Release.AspNetCompiler.TargetPath = "PrecompiledWeb\localhost_24858\"
		Release.AspNetCompiler.Updateable = "true"
		Release.AspNetCompiler.ForceOverwrite = "true"
		Release.AspNetCompiler.FixedNames = "false"
		Release.AspNetCompiler.Debug = "False"
		VWDPort = "24858"
		SlnRelativePath = "Queue Coming Soon\"
		DefaultWebSiteLanguage = "Visual C#"
	EndProjectSection
EndProject
Project("{E24C65DC-7377-472B-9ABA-BC803B73C61A}") = "Queue Startup", "Queue Startup\", "{89EB9624-A0CA-4E2F-89C3-EEF573AC9CB9}"
	ProjectSection(WebsiteProperties) = preProject
		TargetFrameworkMoniker = ".NETFramework,Version%3Dv4.6.1"
		Debug.AspNetCompiler.VirtualPath = "/localhost_24861"
		Debug.AspNetCompiler.PhysicalPath = "Queue Startup\"
		Debug.AspNetCompiler.TargetPath = "PrecompiledWeb\localhost_24861\"
		Debug.AspNetCompiler.Updateable = "true"
		Debug.AspNetCompiler.ForceOverwrite = "true"
		Debug.AspNetCompiler.FixedNames = "false"
		Debug.AspNetCompiler.Debug = "True"
		Release.AspNetCompiler.VirtualPath = "/localhost_24861"
		Release.AspNetCompiler.PhysicalPath = "Queue Startup\"
		Release.AspNetCompiler.TargetPath = "PrecompiledWeb\localhost_24861\"
		Release.AspNetCompiler.Updateable = "true"
		Release.AspNetCompiler.ForceOverwrite = "true"
		Release.AspNetCompiler.FixedNames = "false"
		Release.AspNetCompiler.Debug = "False"
		VWDPort = "24861"
		SlnRelativePath = "Queue Startup\"
		DefaultWebSiteLanguage = "Visual C#"
	EndProjectSection
EndProject
Global
	GlobalSection(SolutionConfigurationPlatforms) = preSolution
		Debug|Any CPU = Debug|Any CPU
	EndGlobalSection
	GlobalSection(ProjectConfigurationPlatforms) = postSolution
		{77A7CBE1-4E64-4830-92AB-C21C37904E60}.Debug|Any CPU.ActiveCfg = Debug|Any CPU
		{77A7CBE1-4E64-4830-92AB-C21C37904E60}.Debug|Any CPU.Build.0 = Debug|Any CPU
		{2FBAAFF8-6F40-4C68-BFC4-11F2C7ABC382}.Debug|Any CPU.ActiveCfg = Debug|Any CPU
		{2FBAAFF8-6F40-4C68-BFC4-11F2C7ABC382}.Debug|Any CPU.Build.0 = Debug|Any CPU
		{17324B83-DDCD-4834-9EF6-47DB8E9C26B6}.Debug|Any CPU.ActiveCfg = Debug|Any CPU
		{17324B83-DDCD-4834-9EF6-47DB8E9C26B6}.Debug|Any CPU.Build.0 = Debug|Any CPU
		{89EB9624-A0CA-4E2F-89C3-EEF573AC9CB9}.Debug|Any CPU.ActiveCfg = Debug|Any CPU
		{89EB9624-A0CA-4E2F-89C3-EEF573AC9CB9}.Debug|Any CPU.Build.0 = Debug|Any CPU
	EndGlobalSection
	GlobalSection(SolutionProperties) = preSolution
		HideSolutionNode = FALSE
	EndGlobalSection
	GlobalSection(ExtensibilityGlobals) = postSolution
		SolutionGuid = {798F3743-F286-4601-B657-4AE3693DE8D1}
	EndGlobalSection
EndGlobal
